// !$*UTF8*$!
{
	archiveVersion = 1;
	classes = {
	};
	objectVersion = 46;
	objects = {

/* Begin PBXBuildFile section */
		2AD871751D347FBD00893DCA /* AppDelegate.swift in Sources */ = {isa = PBXBuildFile; fileRef = 2AD871741D347FBD00893DCA /* AppDelegate.swift */; };
		2AD871771D347FBD00893DCA /* ViewController.swift in Sources */ = {isa = PBXBuildFile; fileRef = 2AD871761D347FBD00893DCA /* ViewController.swift */; };
		2AD8717A1D347FBD00893DCA /* Main.storyboard in Resources */ = {isa = PBXBuildFile; fileRef = 2AD871781D347FBD00893DCA /* Main.storyboard */; };
		2AD8717C1D347FBD00893DCA /* Assets.xcassets in Resources */ = {isa = PBXBuildFile; fileRef = 2AD8717B1D347FBD00893DCA /* Assets.xcassets */; };
		2AD8717F1D347FBD00893DCA /* LaunchScreen.storyboard in Resources */ = {isa = PBXBuildFile; fileRef = 2AD8717D1D347FBD00893DCA /* LaunchScreen.storyboard */; };
		2AD871871D34A34000893DCA /* AVCamPreviewView.swift in Sources */ = {isa = PBXBuildFile; fileRef = 2AD871861D34A34000893DCA /* AVCamPreviewView.swift */; };
/* End PBXBuildFile section */

/* Begin PBXFileReference section */
		2AD871711D347FBD00893DCA /* mycam.app */ = {isa = PBXFileReference; explicitFileType = wrapper.application; includeInIndex = 0; path = mycam.app; sourceTree = BUILT_PRODUCTS_DIR; };
		2AD871741D347FBD00893DCA /* AppDelegate.swift */ = {isa = PBXFileReference; lastKnownFileType = sourcecode.swift; path = AppDelegate.swift; sourceTree = "<group>"; };
		2AD871761D347FBD00893DCA /* ViewController.swift */ = {isa = PBXFileReference; lastKnownFileType = sourcecode.swift; path = ViewController.swift; sourceTree = "<group>"; };
		2AD871791D347FBD00893DCA /* Base */ = {isa = PBXFileReference; lastKnownFileType = file.storyboard; name = Base; path = Base.lproj/Main.storyboard; sourceTree = "<group>"; };
		2AD8717B1D347FBD00893DCA /* Assets.xcassets */ = {isa = PBXFileReference; lastKnownFileType = folder.assetcatalog; path = Assets.xcassets; sourceTree = "<group>"; };
		2AD8717E1D347FBD00893DCA /* Base */ = {isa = PBXFileReference; lastKnownFileType = file.storyboard; name = Base; path = Base.lproj/LaunchScreen.storyboard; sourceTree = "<group>"; };
		2AD871801D347FBD00893DCA /* Info.plist */ = {isa = PBXFileReference; lastKnownFileType = text.plist.xml; path = Info.plist; sourceTree = "<group>"; };
		2AD871861D34A34000893DCA /* AVCamPreviewView.swift */ = {isa = PBXFileReference; fileEncoding = 4; lastKnownFileType = sourcecode.swift; path = AVCamPreviewView.swift; sourceTree = "<group>"; };
/* End PBXFileReference section */

/* Begin PBXFrameworksBuildPhase section */
		2AD8716E1D347FBD00893DCA /* Frameworks */ = {
			isa = PBXFrameworksBuildPhase;
			buildActionMask = 2147483647;
			files = (
			);
			runOnlyForDeploymentPostprocessing = 0;
		};
/* End PBXFrameworksBuildPhase section */

/* Begin PBXGroup section */
		2AD871681D347FBD00893DCA = {
			isa = PBXGroup;
			children = (
				2AD871731D347FBD00893DCA /* mycam */,
				2AD871721D347FBD00893DCA /* Products */,
			);
			sourceTree = "<group>";
		};
		2AD871721D347FBD00893DCA /* Products */ = {
			isa = PBXGroup;
			children = (
				2AD871711D347FBD00893DCA /* mycam.app */,
			);
			name = Products;
			sourceTree = "<group>";
		};
		2AD871731D347FBD00893DCA /* mycam */ = {
			isa = PBXGroup;
			children = (
				2AD871741D347FBD00893DCA /* AppDelegate.swift */,
				2AD871761D347FBD00893DCA /* ViewController.swift */,
				2AD871781D347FBD00893DCA /* Main.storyboard */,
				2AD8717B1D347FBD00893DCA /* Assets.xcassets */,
				2AD8717D1D347FBD00893DCA /* LaunchScreen.storyboard */,
				2AD871801D347FBD00893DCA /* Info.plist */,
				2AD871861D34A34000893DCA /* AVCamPreviewView.swift */,
			);
			path = mycam;
			sourceTree = "<group>";
		};
/* End PBXGroup section */

/* Begin PBXNativeTarget section */
		2AD871701D347FBD00893DCA /* mycam */ = {
			isa = PBXNativeTarget;
			buildConfigurationList = 2AD871831D347FBD00893DCA /* Build configuration list for PBXNativeTarget "mycam" */;
			buildPhases = (
				2AD8716D1D347FBD00893DCA /* Sources */,
				2AD8716E1D347FBD00893DCA /* Frameworks */,
				2AD8716F1D347FBD00893DCA /* Resources */,
			);
			buildRules = (
			);
			dependencies = (
			);
			name = mycam;
			productName = mycam;
			productReference = 2AD871711D347FBD00893DCA /* mycam.app */;
			productType = "com.apple.product-type.application";
		};
/* End PBXNativeTarget section */

/* Begin PBXProject section */
		2AD871691D347FBD00893DCA /* Project object */ = {
			isa = PBXProject;
			attributes = {
				LastSwiftUpdateCheck = 0730;
				LastUpgradeCheck = 0730;
				ORGANIZATIONNAME = "Tim Sutcliffe";
				TargetAttributes = {
					2AD871701D347FBD00893DCA = {
						CreatedOnToolsVersion = 7.3.1;
					};
				};
			};
			buildConfigurationList = 2AD8716C1D347FBD00893DCA /* Build configuration list for PBXProject "mycam" */;
			compatibilityVersion = "Xcode 3.2";
			developmentRegion = English;
			hasScannedForEncodings = 0;
			knownRegions = (
				en,
				Base,
			);
			mainGroup = 2AD871681D347FBD00893DCA;
			productRefGroup = 2AD871721D347FBD00893DCA /* Products */;
			projectDirPath = "";
			projectRoot = "";
			targets = (
				2AD871701D347FBD00893DCA /* mycam */,
			);
		};
/* End PBXProject section */

/* Begin PBXResourcesBuildPhase section */
		2AD8716F1D347FBD00893DCA /* Resources */ = {
			isa = PBXResourcesBuildPhase;
			buildActionMask = 2147483647;
			files = (
				2AD8717F1D347FBD00893DCA /* LaunchScreen.storyboard in Resources */,
				2AD8717C1D347FBD00893DCA /* Assets.xcassets in Resources */,
				2AD8717A1D347FBD00893DCA /* Main.storyboard in Resources */,
			);
			runOnlyForDeploymentPostprocessing = 0;
		};
/* End PBXResourcesBuildPhase section */

/* Begin PBXSourcesBuildPhase section */
		2AD8716D1D347FBD00893DCA /* Sources */ = {
			isa = PBXSourcesBuildPhase;
			buildActionMask = 2147483647;
			files = (
				2AD871771D347FBD00893DCA /* ViewController.swift in Sources */,
				2AD871871D34A34000893DCA /* AVCamPreviewView.swift in Sources */,
				2AD871751D347FBD00893DCA /* AppDelegate.swift in Sources */,
			);
			runOnlyForDeploymentPostprocessing = 0;
		};
/* End PBXSourcesBuildPhase section */

/* Begin PBXVariantGroup section */
		2AD871781D347FBD00893DCA /* Main.storyboard */ = {
			isa = PBXVariantGroup;
			children = (
				2AD871791D347FBD00893DCA /* Base */,
			);
			name = Main.storyboard;
			sourceTree = "<group>";
		};
		2AD8717D1D347FBD00893DCA /* LaunchScreen.storyboard */ = {
			isa = PBXVariantGroup;
			children = (
				2AD8717E1D347FBD00893DCA /* Base */,
			);
			name = LaunchScreen.storyboard;
			sourceTree = "<group>";
		};
/* End PBXVariantGroup section */

/* Begin XCBuildConfiguration section */
		2AD871811D347FBD00893DCA /* Debug */ = {
			isa = XCBuildConfiguration;
			buildSettings = {
				ALWAYS_SEARCH_USER_PATHS = NO;
				CLANG_ANALYZER_NONNULL = YES;
				CLANG_CXX_LANGUAGE_STANDARD = "gnu++0x";
				CLANG_CXX_LIBRARY = "libc++";
				CLANG_ENABLE_MODULES = YES;
				CLANG_ENABLE_OBJC_ARC = YES;
				CLANG_WARN_BOOL_CONVERSION = YES;
				CLANG_WARN_CONSTANT_CONVERSION = YES;
				CLANG_WARN_DIRECT_OBJC_ISA_USAGE = YES_ERROR;
				CLANG_WARN_EMPTY_BODY = YES;
				CLANG_WARN_ENUM_CONVERSION = YES;
				CLANG_WARN_INT_CONVERSION = YES;
				CLANG_WARN_OBJC_ROOT_CLASS = YES_ERROR;
				CLANG_WARN_UNREACHABLE_CODE = YES;
				CLANG_WARN__DUPLICATE_METHOD_MATCH = YES;
				"CODE_SIGN_IDENTITY[sdk=iphoneos*]" = "iPhone Developer";
				COPY_PHASE_STRIP = NO;
				DEBUG_INFORMATION_FORMAT = dwarf;
				ENABLE_STRICT_OBJC_MSGSEND = YES;
				ENABLE_TESTABILITY = YES;
				GCC_C_LANGUAGE_STANDARD = gnu99;
				GCC_DYNAMIC_NO_PIC = NO;
				GCC_NO_COMMON_BLOCKS = YES;
				GCC_OPTIMIZATION_LEVEL = 0;
				GCC_PREPROCESSOR_DEFINITIONS = (
					"DEBUG=1",
					"$(inherited)",
				);
				GCC_WARN_64_TO_32_BIT_CONVERSION = YES;
				GCC_WARN_ABOUT_RETURN_TYPE = YES_ERROR;
				GCC_WARN_UNDECLARED_SELECTOR = YES;
				GCC_WARN_UNINITIALIZED_AUTOS = YES_AGGRESSIVE;
				GCC_WARN_UNUSED_FUNCTION = YES;
				GCC_WARN_UNUSED_VARIABLE = YES;
				IPHONEOS_DEPLOYMENT_TARGET = 9.3;
				MTL_ENABLE_DEBUG_INFO = YES;
				ONLY_ACTIVE_ARCH = YES;
				SDKROOT = iphoneos;
				SWIFT_OPTIMIZATION_LEVEL = "-Onone";
			};
			name = Debug;
		};
		2AD871821D347FBD00893DCA /* Release */ = {
			isa = XCBuildConfiguration;
			buildSettings = {
				ALWAYS_SEARCH_USER_PATHS = NO;
				CLANG_ANALYZER_NONNULL = YES;
				CLANG_CXX_LANGUAGE_STANDARD = "gnu++0x";
				CLANG_CXX_LIBRARY = "libc++";
				CLANG_ENABLE_MODULES = YES;
				CLANG_ENABLE_OBJC_ARC = YES;
				CLANG_WARN_BOOL_CONVERSION = YES;
				CLANG_WARN_CONSTANT_CONVERSION = YES;
				CLANG_WARN_DIRECT_OBJC_ISA_USAGE = YES_ERROR;
				CLANG_WARN_EMPTY_BODY = YES;
				CLANG_WARN_ENUM_CONVERSION = YES;
				CLANG_WARN_INT_CONVERSION = YES;
				CLANG_WARN_OBJC_ROOT_CLASS = YES_ERROR;
				CLANG_WARN_UNREACHABLE_CODE = YES;
				CLANG_WARN__DUPLICATE_METHOD_MATCH = YES;
				"CODE_SIGN_IDENTITY[sdk=iphoneos*]" = "iPhone Developer";
				COPY_PHASE_STRIP = NO;
				DEBUG_INFORMATION_FORMAT = "dwarf-with-dsym";
				ENABLE_NS_ASSERTIONS = NO;
				ENABLE_STRICT_OBJC_MSGSEND = YES;
				GCC_C_LANGUAGE_STANDARD = gnu99;
				GCC_NO_COMMON_BLOCKS = YES;
				GCC_WARN_64_TO_32_BIT_CONVERSION = YES;
				GCC_WARN_ABOUT_RETURN_TYPE = YES_ERROR;
				GCC_WARN_UNDECLARED_SELECTOR = YES;
				GCC_WARN_UNINITIALIZED_AUTOS = YES_AGGRESSIVE;
				GCC_WARN_UNUSED_FUNCTION = YES;
				GCC_WARN_UNUSED_VARIABLE = YES;
				IPHONEOS_DEPLOYMENT_TARGET = 9.3;
				MTL_ENABLE_DEBUG_INFO = NO;
				SDKROOT = iphoneos;
				VALIDATE_PRODUCT = YES;
			};
			name = Release;
		};
		2AD871841D347FBD00893DCA /* Debug */ = {
			isa = XCBuildConfiguration;
			buildSettings = {
				ASSETCATALOG_COMPILER_APPICON_NAME = AppIcon;
				INFOPLIST_FILE = mycam/Info.plist;
				LD_RUNPATH_SEARCH_PATHS = "$(inherited) @executable_path/Frameworks";
				PRODUCT_BUNDLE_IDENTIFIER = com.gifutu.mycam;
				PRODUCT_NAME = "$(TARGET_NAME)";
			};
			name = Debug;
		};
		2AD871851D347FBD00893DCA /* Release */ = {
			isa = XCBuildConfiguration;
			buildSettings = {
				ASSETCATALOG_COMPILER_APPICON_NAME = AppIcon;
				INFOPLIST_FILE = mycam/Info.plist;
				LD_RUNPATH_SEARCH_PATHS = "$(inherited) @executable_path/Frameworks";
				PRODUCT_BUNDLE_IDENTIFIER = com.gifutu.mycam;
				PRODUCT_NAME = "$(TARGET_NAME)";
			};
			name = Release;
		};
/* End XCBuildConfiguration section */

/* Begin XCConfigurationList section */
		2AD8716C1D347FBD00893DCA /* Build configuration list for PBXProject "mycam" */ = {
			isa = XCConfigurationList;
			buildConfigurations = (
				2AD871811D347FBD00893DCA /* Debug */,
				2AD871821D347FBD00893DCA /* Release */,
			);
			defaultConfigurationIsVisible = 0;
			defaultConfigurationName = Release;
		};
		2AD871831D347FBD00893DCA /* Build configuration list for PBXNativeTarget "mycam" */ = {
			isa = XCConfigurationList;
			buildConfigurations = (
				2AD871841D347FBD00893DCA /* Debug */,
				2AD871851D347FBD00893DCA /* Release */,
			);
			defaultConfigurationIsVisible = 0;
		};
/* End XCConfigurationList section */
	};
	rootObject = 2AD871691D347FBD00893DCA /* Project object */;
}
